# THIS IS AN AUTOGENERATED FILE. DO NOT EDIT THIS FILE DIRECTLY.
# yarn lockfile v1


"@colors/colors@1.5.0":
  version "1.5.0"
  resolved "https://registry.yarnpkg.com/@colors/colors/-/colors-1.5.0.tgz#bb504579c1cae923e6576a4f5da43d25f97bdbd9"
  integrity sha512-ooWCrlZP11i8GImSjTHYHLkvFDP48nS4+204nGb1RiX/WXYHmJA2III9/e2DWVabCESdW7hBAEzHRqUn9OUVvQ==

"@isaacs/fs-minipass@^4.0.0":
  version "4.0.1"
  resolved "https://registry.yarnpkg.com/@isaacs/fs-minipass/-/fs-minipass-4.0.1.tgz#2d59ae3ab4b38fb4270bfa23d30f8e2e86c7fe32"
  integrity sha512-wgm9Ehl2jpeqP3zw/7mo3kRHFp5MEDhqAdwy1fTGkHAwnkGOVsgpvQhL8B5n1qlb01jV3n/bI0ZfZp5lWA1k4w==
  dependencies:
    minipass "^7.0.4"

ansi-regex@^5.0.1:
  version "5.0.1"
  resolved "https://registry.yarnpkg.com/ansi-regex/-/ansi-regex-5.0.1.tgz#082cb2c89c9fe8659a311a53bd6a4dc5301db304"
  integrity sha512-quJQXlTSUGL2LH9SUXo8VwsY4soanhgo6LNSm84E1LBcE8s3O0wpdiRzyR9z/ZZJMlMWv37qOOb9pdJlMUEKFQ==

chartscii@4.0.3:
  version "4.0.3"
  resolved "https://registry.yarnpkg.com/chartscii/-/chartscii-4.0.3.tgz#d9eb0bffad648029ce3c85791408dfdc1c33943a"
  integrity sha512-nVTuqmt+z/U/rLgf3bGruQRKPDnshfmWFZ5ol1HygAB94MT02GX1N4pwe31KaWgovhYYmI/xhdXEHyGAVFe3Sw==
  dependencies:
    styl3 "3.1.1"

chownr@^3.0.0:
  version "3.0.0"
  resolved "https://registry.yarnpkg.com/chownr/-/chownr-3.0.0.tgz#9855e64ecd240a9cc4267ce8a4aa5d24a1da15e4"
  integrity sha512-+IxzY9BZOQd/XuYPRmrvEVjF/nqj5kgT4kEq7VofrDoM1MxoRjEWkrCC3EtLi59TVawxTAn+orJwFQcrqEN1+g==

cli-table3@0.6.5:
  version "0.6.5"
  resolved "https://registry.yarnpkg.com/cli-table3/-/cli-table3-0.6.5.tgz#013b91351762739c16a9567c21a04632e449bf2f"
  integrity sha512-+W/5efTR7y5HRD7gACw9yQjqMVvEMLBHmboM/kPWam+H+Hmyrgjh6YncVKK122YZkXrLudzTuAukUw9FnMf7IQ==
  dependencies:
    string-width "^4.2.0"
  optionalDependencies:
    "@colors/colors" "1.5.0"

colors@1.4.0:
  version "1.4.0"
  resolved "https://registry.yarnpkg.com/colors/-/colors-1.4.0.tgz#c50491479d4c1bdaed2c9ced32cf7c7dc2360f78"
  integrity sha512-a+UqTh4kgZg/SlGvfbzDHpgRu7AAQOmmqRHJnxhRZICKFUT91brVhNNt58CMWU9PsBbv3PDCZUHbVxuDiH2mtA==

emoji-regex@^8.0.0:
  version "8.0.0"
  resolved "https://registry.yarnpkg.com/emoji-regex/-/emoji-regex-8.0.0.tgz#e818fd69ce5ccfcb404594f842963bf53164cc37"
  integrity sha512-MSjYzcWNOA0ewAHpz0MxpYFvwg6yjy1NG3xteoqz644VCo/RPgnr1/GGt+ic3iJTzQ8Eu3TdM14SawnVUmGE6A==

human-readable-numbers@0.9.5:
  version "0.9.5"
  resolved "https://registry.yarnpkg.com/human-readable-numbers/-/human-readable-numbers-0.9.5.tgz#bbbd61e06ed0bafbba79b28734e512fec4dd3407"
  integrity sha512-VC1uYLm7FR+4UkLaQdXPLodz7xTVLBte3X6iMCYK/uPJywoHyEZfR40+kCN4YqYd+FNCPJAJNYv2CSMvAprgsQ==

ignore@7.0.5:
  version "7.0.5"
  resolved "https://registry.yarnpkg.com/ignore/-/ignore-7.0.5.tgz#4cb5f6cd7d4c7ab0365738c7aea888baa6d7efd9"
  integrity sha512-Hs59xBNfUIunMFgWAbGX5cq6893IbWg4KnrjbYwX3tx0ztorVgTDA6B2sxf8ejHJ4wz8BqGUMYlnzNBer5NvGg==

is-domain@0.0.1:
  version "0.0.1"
  resolved "https://registry.yarnpkg.com/is-domain/-/is-domain-0.0.1.tgz#7ffb288d5cced6b07c4f2df91c9be9153511348e"
  integrity sha512-hLm9uZUDm/sk0+xZgxyJluSf4B37sg3ivzv4ndTxNCAMnWFUUsHh1u4eh2maEcEvQl3mc65a9pJ/KURGItbLIg==

is-fullwidth-code-point@^3.0.0:
  version "3.0.0"
  resolved "https://registry.yarnpkg.com/is-fullwidth-code-point/-/is-fullwidth-code-point-3.0.0.tgz#f116f8064fe90b3f7844a38997c0b75051269f1d"
  integrity sha512-zymm5+u+sCsSWyD9qNaejV3DFvhCKclKdizYaJUuHA83RLjb7nSuGnddCHGv0hk+KY7BMAlsWeK4Ueg6EV6XQg==

kleur@^3.0.3:
  version "3.0.3"
  resolved "https://registry.yarnpkg.com/kleur/-/kleur-3.0.3.tgz#a79c9ecc86ee1ce3fa6206d1216c501f147fc07e"
  integrity sha512-eTIzlVOSUR+JxdDFepEYcBMtZ9Qqdef+rnzWdRZuMbOywu5tO2w2N7rqjoANZ5k9vywhL6Br1VRjUIgTQx4E8w==

minimist@1.2.8:
  version "1.2.8"
  resolved "https://registry.yarnpkg.com/minimist/-/minimist-1.2.8.tgz#c1a464e7693302e082a075cee0c057741ac4772c"
  integrity sha512-2yyAR8qBkN3YuheJanUpWC5U3bb5osDywNB8RzDVlDwDHbocAJveqqj1u8+SVD7jkWT4yvsHCpWqqWqAxb0zCA==

minipass@^7.0.4, minipass@^7.1.2:
  version "7.1.3"
  resolved "https://registry.yarnpkg.com/minipass/-/minipass-7.1.3.tgz#79389b4eb1bb2d003a9bba87d492f2bd37bdc65b"
  integrity sha512-tEBHqDnIoM/1rXME1zgka9g6Q2lcoCkxHLuc7ODJ5BxbP5d4c2Z5cGgtXAku59200Cx7diuHTOYfSBD8n6mm8A==

minizlib@^3.1.0:
  version "3.1.0"
  resolved "https://registry.yarnpkg.com/minizlib/-/minizlib-3.1.0.tgz#6ad76c3a8f10227c9b51d1c9ac8e30b27f5a251c"
  integrity sha512-KZxYo1BUkWD2TVFLr0MQoM8vUUigWD3LlD83a/75BqC+4qE0Hb1Vo5v1FgcfaNXvfXzr+5EhQ6ing/CaBijTlw==
  dependencies:
    minipass "^7.1.2"

moniker@0.1.2:
  version "0.1.2"
  resolved "https://registry.yarnpkg.com/moniker/-/moniker-0.1.2.tgz#872dfba575dcea8fa04a5135b13d5f24beccc97e"
  integrity sha512-Uj9iV0QYr6281G+o0TvqhKwHHWB2Q/qUTT4LPQ3qDGc0r8cbMuqQjRXPZuVZ+gcL7APx+iQgE8lcfWPrj1LsLA==

mute-stream@~0.0.4:
  version "0.0.8"
  resolved "https://registry.yarnpkg.com/mute-stream/-/mute-stream-0.0.8.tgz#1630c42b2251ff81e2a283de96a5497ea92e5e0d"
  integrity sha512-nnbWWOkoWyUsTjKrhgD0dcz22mdkSnpYqbEjIm2nhwhuxlSkpywJmBo8h0ZqJdkp73mb90SssHkN4rsRaBAfAA==

netrc@0.1.4:
  version "0.1.4"
  resolved "https://registry.yarnpkg.com/netrc/-/netrc-0.1.4.tgz#6be94fcaca8d77ade0a9670dc460914c94472444"
  integrity sha512-ye8AIYWQcP9MvoM1i0Z2jV0qed31Z8EWXYnyGNkiUAd+Fo8J+7uy90xTV8g/oAbhtjkY7iZbNTizQaXdKUuwpQ==

progress@2.0.3:
  version "2.0.3"
  resolved "https://registry.yarnpkg.com/progress/-/progress-2.0.3.tgz#7e8cf8d8f5b8f239c1bc68beb4eb78567d572ef8"
  integrity sha512-7PiHtLll5LdnKIMw100I+8xJXR5gW2QwWYkT6iJva0bXitZKa/XMrSbdmg3r2Xnaidz9Qumd0VPaMrZlF9V9sA==

prompts@2.4.2:
  version "2.4.2"
  resolved "https://registry.yarnpkg.com/prompts/-/prompts-2.4.2.tgz#7b57e73b3a48029ad10ebd44f74b01722a4cb069"
  integrity sha512-NxNv/kLguCA7p3jE8oL2aEBsrJWgAakBpgmgK6lpPWV+WuOmY6r2/zbAVnP+T8bQlA0nzHXSJSJW0Hq7ylaD2Q==
  dependencies:
    kleur "^3.0.3"
    sisteransi "^1.0.5"

read@1.0.5:
  version "1.0.5"
  resolved "https://registry.yarnpkg.com/read/-/read-1.0.5.tgz#007a3d169478aa710a491727e453effb92e76203"
  integrity sha1-AHo9FpR4qnEKSRcn5FPv+5LnYgM=
  dependencies:
    mute-stream "~0.0.4"

sisteransi@^1.0.5:
  version "1.0.5"
  resolved "https://registry.yarnpkg.com/sisteransi/-/sisteransi-1.0.5.tgz#134d681297756437cc05ca01370d3a7a571075ed"
  integrity sha512-bLGGlR1QxBcynn2d5YmDX4MGjlZvy2MRBDRNHLJ8VI6l6+9FUiyTFNJ0IveOSP0bcXgVDPRcfGqA0pjaqUpfVg==

split@1.0.1:
  version "1.0.1"
  resolved "https://registry.yarnpkg.com/split/-/split-1.0.1.tgz#605bd9be303aa59fb35f9229fbea0ddec9ea07d9"
  integrity sha512-mTyOoPbrivtXnwnIxZRFYRrPNtEFKlpB2fvjSnCQUiAA6qAZzqwna5envK4uk6OIeP17CsdF3rSBGYVBsU0Tkg==
  dependencies:
    through "2"

string-width@^4.2.0:
  version "4.2.3"
  resolved "https://registry.yarnpkg.com/string-width/-/string-width-4.2.3.tgz#269c7117d27b05ad2e536830a8ec895ef9c6d010"
  integrity sha512-wKyQRQpjJ0sIp62ErSZdGsjMJWsap5oRNihHhu6G7JVO/9jIB6UyevL+tXuOqrng8j/cxKTWyWUwvSTriiZz/g==
  dependencies:
    emoji-regex "^8.0.0"
    is-fullwidth-code-point "^3.0.0"
    strip-ansi "^6.0.1"

strip-ansi@^6.0.1:
  version "6.0.1"
  resolved "https://registry.yarnpkg.com/strip-ansi/-/strip-ansi-6.0.1.tgz#9e26c63d30f53443e9489495b2105d37b67a85d9"
  integrity sha512-Y38VPSHcqkFrCpFnQ9vuSXmquuv5oXOKpGeT6aGrr3o3Gc9AlVa6JBfUSOCnbxGGZF+/0ooI7KrPuUSztUdU5A==
  dependencies:
    ansi-regex "^5.0.1"

styl3@3.1.1:
  version "3.1.1"
  resolved "https://registry.yarnpkg.com/styl3/-/styl3-3.1.1.tgz#c5c2d196e23874966b4da48e5d123f6179740a27"
  integrity sha512-WRTBm/bs2ZfkbIQTk59xfJ0x/X4VKUSm/3u6egDFHNrYCcXYfWauBgq129whvYREvEOlOPQjDu1TARHyxCzCjQ==

surge-ignore@0.3.0:
  version "0.3.0"
  resolved "https://registry.yarnpkg.com/surge-ignore/-/surge-ignore-0.3.0.tgz#3044e6ca2330f358401e285f900c6d28cf5edc2e"
  integrity sha512-tFq03FSTC2w6iVyJkzgFzwa2+lW4DZheIvStTO4Vn82Mk1x9aJyt/WUz5sKZE9woCn5dPB7nLARVFqJXDv5trA==

surge-sdk@0.20.0:
  version "0.20.0"
  resolved "https://registry.yarnpkg.com/surge-sdk/-/surge-sdk-0.20.0.tgz#70ee025fd4f25db0580814e04531cc559c87a315"
  integrity sha512-ARgx8F64NhkxzuEsvGAZeXWPnsOr9hWW3W44au/nSFJLnL3s0o1K9KGBU2j9tBUa8xz7klolFRvbV8gzaiEMVQ==

surge-stream@0.20.0:
  version "0.20.0"
  resolved "https://registry.yarnpkg.com/surge-stream/-/surge-stream-0.20.0.tgz#fbb2507604961128888decc8358d884882c3c2a4"
  integrity sha512-omvx31wB1xGfoFb2GTiWDjyzk5pEjgRIUZnlwfkfJtbH2HQv3oEwWy75BPA7i/vNjoqmu45ZJR54LCNHsF+4hw==
  dependencies:
    ignore "7.0.5"
    split "1.0.1"
    surge-ignore "0.3.0"
    tar "7.5.22"

surge@^0.44.0:
  version "0.44.1"
  resolved "https://registry.yarnpkg.com/surge/-/surge-0.44.1.tgz#972c17a770aef1a40d8140505180c5de8060a780"
  integrity sha512-1Mh/0GiuQaLmU7CWlK/g7sr6u2fDH3Q03OMEVSecSTXTSkYnA6nXz9ydqaeBaFKVbIqPFQeaxYJE8bxNiDZWLA==
  dependencies:
    chartscii "4.0.3"
    cli-table3 "0.6.5"
    colors "1.4.0"
    human-readable-numbers "0.9.5"
    ignore "7.0.5"
    is-domain "0.0.1"
    minimist "1.2.8"
    moniker "0.1.2"
    netrc "0.1.4"
    progress "2.0.3"
    prompts "2.4.2"
    read "1.0.5"
    surge-ignore "0.3.0"
    surge-sdk "0.20.0"
    surge-stream "0.20.0"
    url-parse-as-address "1.0.0"
    xbytes "1.9.1"

tar@7.5.22:
  version "7.5.22"
  resolved "https://registry.yarnpkg.com/tar/-/tar-7.5.22.tgz#a696f998136e71487dc3f869a85bba2c67971ba9"
  integrity sha512-MFO/QzvtAOmJbkhOaCTvbGcFN9L9b+JunIsDwaKljSOdcLMea3NJ1k9Usz/rjdfSXTq4dfzfeS7W4p4YOAAHeA==
  dependencies:
    "@isaacs/fs-minipass" "^4.0.0"
    chownr "^3.0.0"
    minipass "^7.1.2"
    minizlib "^3.1.0"
    yallist "^5.0.0"

through@2:
  version "2.3.8"
  resolved "https://registry.yarnpkg.com/through/-/through-2.3.8.tgz#0dd4c9ffaabc357960b1b724115d7e0e86a2e1f5"
  integrity sha1-DdTJ/6q8NXlgsbckEV1+Doai4fU=

url-parse-as-address@1.0.0:
  version "1.0.0"
  resolved "https://registry.yarnpkg.com/url-parse-as-address/-/url-parse-as-address-1.0.0.tgz#fb80901883f338b3cbed3538f5faa26adaf7f2e7"
  integrity sha1-+4CQGIPzOLPL7TU49fqiatr38uc=

xbytes@1.9.1:
  version "1.9.1"
  resolved "https://registry.yarnpkg.com/xbytes/-/xbytes-1.9.1.tgz#0a6a883205257a3fb747ef7cf45f52f8fc770523"
  integrity sha512-29E0ygMFWrM5JW2W1ypmezjyR2FOS5aCszdLe620ymSJBoZzL0/RCLJKCoUFu3DfQGhZ/FWykEBp5dfEy6+hjA==

yallist@^5.0.0:
  version "5.0.0"
  resolved "https://registry.yarnpkg.com/yallist/-/yallist-5.0.0.tgz#00e2de443639ed0d78fd87de0d27469fbcffb533"
  integrity sha512-YgvUTfwqyc7UXVMrB+SImsVYSmTS8X/tSrtdNZMImM+n7+QTriRXyXim0mBrTXNeqzVF0KWGgHPeiyViFFrNDw==
